
Microsoft Visual Studio Solution File, Format Version 12.00
# Visual Studio Version 17
VisualStudioVersion = 17.3.32922.545
MinimumVisualStudioVersion = 10.0.40219.1
Project("{9A19103F-16F7-4668-BE54-9A1E7A4F7556}") = "OcelotGateway", "OcelotGateway.csproj", "{B74A02A8-426A-407E-97CD-AD123A15B450}"
EndProject
Project("{E53339B2-1760-4266-BCC7-CA923CBCF16C}") = "docker-compose", "docker-compose.dcproj", "{ED39BADF-673F-4B7F-BB43-738D29C2B154}"
EndProject
Global
	GlobalSection(SolutionConfigurationPlatforms) = preSolution
		Debug|Any CPU = Debug|Any CPU
		Release|Any CPU = Release|Any CPU
	EndGlobalSection
	GlobalSection(ProjectConfigurationPlatforms) = postSolution
		{B74A02A8-426A-407E-97CD-AD123A15B450}.Debug|Any CPU.ActiveCfg = Debug|Any CPU
		{B74A02A8-426A-407E-97CD-AD123A15B450}.Debug|Any CPU.Build.0 = Debug|Any CPU
		{B74A02A8-426A-407E-97CD-AD123A15B450}.Release|Any CPU.ActiveCfg = Release|Any CPU
		{B74A02A8-426A-407E-97CD-AD123A15B450}.Release|Any CPU.Build.0 = Release|Any CPU
		{ED39BADF-673F-4B7F-BB43-738D29C2B154}.Debug|Any CPU.ActiveCfg = Debug|Any CPU
		{ED39BADF-673F-4B7F-BB43-738D29C2B154}.Debug|Any CPU.Build.0 = Debug|Any CPU
		{ED39BADF-673F-4B7F-BB43-738D29C2B154}.Release|Any CPU.ActiveCfg = Release|Any CPU
		{ED39BADF-673F-4B7F-BB43-738D29C2B154}.Release|Any CPU.Build.0 = Release|Any CPU
	EndGlobalSection
	GlobalSection(SolutionProperties) = preSolution
		HideSolutionNode = FALSE
	EndGlobalSection
	GlobalSection(ExtensibilityGlobals) = postSolution
		SolutionGuid = {DCDCD315-01B8-4742-BD24-F80A168AD68E}
	EndGlobalSection
EndGlobal
